
Microsoft Visual Studio Solution File, Format Version 12.00
# Visual Studio Version 17
VisualStudioVersion = 17.11.35222.181
MinimumVisualStudioVersion = 10.0.40219.1
Project("{8BC9CEB8-8B4A-11D0-8D11-00A0C91BC942}") = "labwork19", "labwork19\labwork19.vcxproj", "{0EFEDF47-CE82-4382-9107-35CA703F22FA}"
EndProject
Global
	GlobalSection(SolutionConfigurationPlatforms) = preSolution
		Debug|x64 = Debug|x64
		Debug|x86 = Debug|x86
		Release|x64 = Release|x64
		Release|x86 = Release|x86
	EndGlobalSection
	GlobalSection(ProjectConfigurationPlatforms) = postSolution
		{0EFEDF47-CE82-4382-9107-35CA703F22FA}.Debug|x64.ActiveCfg = Debug|x64
		{0EFEDF47-CE82-4382-9107-35CA703F22FA}.Debug|x64.Build.0 = Debug|x64
		{0EFEDF47-CE82-4382-9107-35CA703F22FA}.Debug|x86.ActiveCfg = Debug|Win32
		{0EFEDF47-CE82-4382-9107-35CA703F22FA}.Debug|x86.Build.0 = Debug|Win32
		{0EFEDF47-CE82-4382-9107-35CA703F22FA}.Release|x64.ActiveCfg = Release|x64
		{0EFEDF47-CE82-4382-9107-35CA703F22FA}.Release|x64.Build.0 = Release|x64
		{0EFEDF47-CE82-4382-9107-35CA703F22FA}.Release|x86.ActiveCfg = Release|Win32
		{0EFEDF47-CE82-4382-9107-35CA703F22FA}.Release|x86.Build.0 = Release|Win32
	EndGlobalSection
	GlobalSection(SolutionProperties) = preSolution
		HideSolutionNode = FALSE
	EndGlobalSection
	GlobalSection(ExtensibilityGlobals) = postSolution
		SolutionGuid = {0AF04596-9505-4A01-8E28-DCCB819ECF6B}
	EndGlobalSection
EndGlobal
